
Microsoft Visual Studio Solution File, Format Version 12.00
# Visual Studio Version 17
VisualStudioVersion = 17.6.33723.286
MinimumVisualStudioVersion = 10.0.40219.1
Project("{9A19103F-16F7-4668-BE54-9A1E7A4F7556}") = "mqtt_remote_server_test", "mqtt_remote_server_test.csproj", "{5E97BDC2-5CA4-4054-A574-A827DE2C8734}"
EndProject
Project("{9A19103F-16F7-4668-BE54-9A1E7A4F7556}") = "mqtt_remote_server", "..\mqtt_remote_server\mqtt_remote_server.csproj", "{5F0A272C-080E-4D9B-B149-E8CEE4487B2E}"
EndProject
Global
	GlobalSection(SolutionConfigurationPlatforms) = preSolution
		Debug|Any CPU = Debug|Any CPU
		Release|Any CPU = Release|Any CPU
	EndGlobalSection
	GlobalSection(ProjectConfigurationPlatforms) = postSolution
		{5E97BDC2-5CA4-4054-A574-A827DE2C8734}.Debug|Any CPU.ActiveCfg = Debug|Any CPU
		{5E97BDC2-5CA4-4054-A574-A827DE2C8734}.Debug|Any CPU.Build.0 = Debug|Any CPU
		{5E97BDC2-5CA4-4054-A574-A827DE2C8734}.Release|Any CPU.ActiveCfg = Release|Any CPU
		{5E97BDC2-5CA4-4054-A574-A827DE2C8734}.Release|Any CPU.Build.0 = Release|Any CPU
		{5F0A272C-080E-4D9B-B149-E8CEE4487B2E}.Debug|Any CPU.ActiveCfg = Debug|Any CPU
		{5F0A272C-080E-4D9B-B149-E8CEE4487B2E}.Debug|Any CPU.Build.0 = Debug|Any CPU
		{5F0A272C-080E-4D9B-B149-E8CEE4487B2E}.Release|Any CPU.ActiveCfg = Release|Any CPU
		{5F0A272C-080E-4D9B-B149-E8CEE4487B2E}.Release|Any CPU.Build.0 = Release|Any CPU
	EndGlobalSection
	GlobalSection(SolutionProperties) = preSolution
		HideSolutionNode = FALSE
	EndGlobalSection
	GlobalSection(ExtensibilityGlobals) = postSolution
		SolutionGuid = {85DEB60D-D98F-4972-9AE6-D2AD1599023F}
	EndGlobalSection
EndGlobal
